
Microsoft Visual Studio Solution File, Format Version 12.00
# Visual Studio 15
VisualStudioVersion = 15.0.27703.2042
MinimumVisualStudioVersion = 10.0.40219.1
Project("{FAE04EC0-301F-11D3-BF4B-00C04F79EFBC}") = "B-3-Operators", "B-3-Operators\B-3-Operators.csproj", "{97163920-376B-4740-B99B-6FEF874058CD}"
EndProject
Global
	GlobalSection(SolutionConfigurationPlatforms) = preSolution
		Debug|Any CPU = Debug|Any CPU
		Release|Any CPU = Release|Any CPU
	EndGlobalSection
	GlobalSection(ProjectConfigurationPlatforms) = postSolution
		{97163920-376B-4740-B99B-6FEF874058CD}.Debug|Any CPU.ActiveCfg = Debug|Any CPU
		{97163920-376B-4740-B99B-6FEF874058CD}.Debug|Any CPU.Build.0 = Debug|Any CPU
		{97163920-376B-4740-B99B-6FEF874058CD}.Release|Any CPU.ActiveCfg = Release|Any CPU
		{97163920-376B-4740-B99B-6FEF874058CD}.Release|Any CPU.Build.0 = Release|Any CPU
	EndGlobalSection
	GlobalSection(SolutionProperties) = preSolution
		HideSolutionNode = FALSE
	EndGlobalSection
	GlobalSection(ExtensibilityGlobals) = postSolution
		SolutionGuid = {0C481206-4370-431A-A49B-36883C65633F}
	EndGlobalSection
EndGlobal
